// !$*UTF8*$!
{
	archiveVersion = 1;
	classes = {
	};
	objectVersion = 55;
	objects = {

/* Begin PBXBuildFile section */
		2A87D634BD2891CDFB3284E5 /* Pods_ScratchCardSample.framework in Frameworks */ = {isa = PBXBuildFile; fileRef = 672D2149BF74CAC10CA82E25 /* Pods_ScratchCardSample.framework */; };
		A5B8416F288C1E590073E415 /* AppDelegate.swift in Sources */ = {isa = PBXBuildFile; fileRef = A5B8416E288C1E590073E415 /* AppDelegate.swift */; };
		A5B84171288C1E590073E415 /* SceneDelegate.swift in Sources */ = {isa = PBXBuildFile; fileRef = A5B84170288C1E590073E415 /* SceneDelegate.swift */; };
		A5B84173288C1E590073E415 /* ViewController.swift in Sources */ = {isa = PBXBuildFile; fileRef = A5B84172288C1E590073E415 /* ViewController.swift */; };
		A5B84176288C1E590073E415 /* Main.storyboard in Resources */ = {isa = PBXBuildFile; fileRef = A5B84174288C1E590073E415 /* Main.storyboard */; };
		A5B84178288C1E590073E415 /* Assets.xcassets in Resources */ = {isa = PBXBuildFile; fileRef = A5B84177288C1E590073E415 /* Assets.xcassets */; };
		A5B8417B288C1E590073E415 /* LaunchScreen.storyboard in Resources */ = {isa = PBXBuildFile; fileRef = A5B84179288C1E590073E415 /* LaunchScreen.storyboard */; };
		A5B84183288C1FEF0073E415 /* ScratchActionViewController.swift in Sources */ = {isa = PBXBuildFile; fileRef = A5B84182288C1FEF0073E415 /* ScratchActionViewController.swift */; };
/* End PBXBuildFile section */

/* Begin PBXFileReference section */
		06D4B228841D9EC1B0B7F844 /* Pods-ScratchCardSample.release.xcconfig */ = {isa = PBXFileReference; includeInIndex = 1; lastKnownFileType = text.xcconfig; name = "Pods-ScratchCardSample.release.xcconfig"; path = "Target Support Files/Pods-ScratchCardSample/Pods-ScratchCardSample.release.xcconfig"; sourceTree = "<group>"; };
		5C6B1E9C8F48495143E85D31 /* Pods-ScratchCardSample.debug.xcconfig */ = {isa = PBXFileReference; includeInIndex = 1; lastKnownFileType = text.xcconfig; name = "Pods-ScratchCardSample.debug.xcconfig"; path = "Target Support Files/Pods-ScratchCardSample/Pods-ScratchCardSample.debug.xcconfig"; sourceTree = "<group>"; };
		672D2149BF74CAC10CA82E25 /* Pods_ScratchCardSample.framework */ = {isa = PBXFileReference; explicitFileType = wrapper.framework; includeInIndex = 0; path = Pods_ScratchCardSample.framework; sourceTree = BUILT_PRODUCTS_DIR; };
		A5B8416B288C1E590073E415 /* ScratchCardSample.app */ = {isa = PBXFileReference; explicitFileType = wrapper.application; includeInIndex = 0; path = ScratchCardSample.app; sourceTree = BUILT_PRODUCTS_DIR; };
		A5B8416E288C1E590073E415 /* AppDelegate.swift */ = {isa = PBXFileReference; lastKnownFileType = sourcecode.swift; path = AppDelegate.swift; sourceTree = "<group>"; };
		A5B84170288C1E590073E415 /* SceneDelegate.swift */ = {isa = PBXFileReference; lastKnownFileType = sourcecode.swift; path = SceneDelegate.swift; sourceTree = "<group>"; };
		A5B84172288C1E590073E415 /* ViewController.swift */ = {isa = PBXFileReference; lastKnownFileType = sourcecode.swift; path = ViewController.swift; sourceTree = "<group>"; };
		A5B84175288C1E590073E415 /* Base */ = {isa = PBXFileReference; lastKnownFileType = file.storyboard; name = Base; path = Base.lproj/Main.storyboard; sourceTree = "<group>"; };
		A5B84177288C1E590073E415 /* Assets.xcassets */ = {isa = PBXFileReference; lastKnownFileType = folder.assetcatalog; path = Assets.xcassets; sourceTree = "<group>"; };
		A5B8417A288C1E590073E415 /* Base */ = {isa = PBXFileReference; lastKnownFileType = file.storyboard; name = Base; path = Base.lproj/LaunchScreen.storyboard; sourceTree = "<group>"; };
		A5B8417C288C1E590073E415 /* Info.plist */ = {isa = PBXFileReference; lastKnownFileType = text.plist.xml; path = Info.plist; sourceTree = "<group>"; };
		A5B84182288C1FEF0073E415 /* ScratchActionViewController.swift */ = {isa = PBXFileReference; fileEncoding = 4; lastKnownFileType = sourcecode.swift; path = ScratchActionViewController.swift; sourceTree = "<group>"; };
/* End PBXFileReference section */

/* Begin PBXFrameworksBuildPhase section */
		A5B84168288C1E590073E415 /* Frameworks */ = {
			isa = PBXFrameworksBuildPhase;
			buildActionMask = 2147483647;
			files = (
				2A87D634BD2891CDFB3284E5 /* Pods_ScratchCardSample.framework in Frameworks */,
			);
			runOnlyForDeploymentPostprocessing = 0;
		};
/* End PBXFrameworksBuildPhase section */

/* Begin PBXGroup section */
		A5B84162288C1E590073E415 = {
			isa = PBXGroup;
			children = (
				A5B8416D288C1E590073E415 /* ScratchCardSample */,
				A5B8416C288C1E590073E415 /* Products */,
				E085D83AFDEAF49A9965D802 /* Pods */,
				E7AFC608F8CA20DAC9C3689B /* Frameworks */,
			);
			sourceTree = "<group>";
		};
		A5B8416C288C1E590073E415 /* Products */ = {
			isa = PBXGroup;
			children = (
				A5B8416B288C1E590073E415 /* ScratchCardSample.app */,
			);
			name = Products;
			sourceTree = "<group>";
		};
		A5B8416D288C1E590073E415 /* ScratchCardSample */ = {
			isa = PBXGroup;
			children = (
				A5B8416E288C1E590073E415 /* AppDelegate.swift */,
				A5B84170288C1E590073E415 /* SceneDelegate.swift */,
				A5B84172288C1E590073E415 /* ViewController.swift */,
				A5B84182288C1FEF0073E415 /* ScratchActionViewController.swift */,
				A5B84174288C1E590073E415 /* Main.storyboard */,
				A5B84177288C1E590073E415 /* Assets.xcassets */,
				A5B84179288C1E590073E415 /* LaunchScreen.storyboard */,
				A5B8417C288C1E590073E415 /* Info.plist */,
			);
			path = ScratchCardSample;
			sourceTree = "<group>";
		};
		E085D83AFDEAF49A9965D802 /* Pods */ = {
			isa = PBXGroup;
			children = (
				5C6B1E9C8F48495143E85D31 /* Pods-ScratchCardSample.debug.xcconfig */,
				06D4B228841D9EC1B0B7F844 /* Pods-ScratchCardSample.release.xcconfig */,
			);
			path = Pods;
			sourceTree = "<group>";
		};
		E7AFC608F8CA20DAC9C3689B /* Frameworks */ = {
			isa = PBXGroup;
			children = (
				672D2149BF74CAC10CA82E25 /* Pods_ScratchCardSample.framework */,
			);
			name = Frameworks;
			sourceTree = "<group>";
		};
/* End PBXGroup section */

/* Begin PBXNativeTarget section */
		A5B8416A288C1E590073E415 /* ScratchCardSample */ = {
			isa = PBXNativeTarget;
			buildConfigurationList = A5B8417F288C1E590073E415 /* Build configuration list for PBXNativeTarget "ScratchCardSample" */;
			buildPhases = (
				8D065A75C00AB04783EEEFFE /* [CP] Check Pods Manifest.lock */,
				A5B84167288C1E590073E415 /* Sources */,
				A5B84168288C1E590073E415 /* Frameworks */,
				A5B84169288C1E590073E415 /* Resources */,
				3D7CCE539B80B91DABDC81DC /* [CP] Embed Pods Frameworks */,
			);
			buildRules = (
			);
			dependencies = (
			);
			name = ScratchCardSample;
			productName = ScratchCardSample;
			productReference = A5B8416B288C1E590073E415 /* ScratchCardSample.app */;
			productType = "com.apple.product-type.application";
		};
/* End PBXNativeTarget section */

/* Begin PBXProject section */
		A5B84163288C1E590073E415 /* Project object */ = {
			isa = PBXProject;
			attributes = {
				BuildIndependentTargetsInParallel = 1;
				LastSwiftUpdateCheck = 1340;
				LastUpgradeCheck = 1340;
				TargetAttributes = {
					A5B8416A288C1E590073E415 = {
						CreatedOnToolsVersion = 13.4;
					};
				};
			};
			buildConfigurationList = A5B84166288C1E590073E415 /* Build configuration list for PBXProject "ScratchCardSample" */;
			compatibilityVersion = "Xcode 13.0";
			developmentRegion = en;
			hasScannedForEncodings = 0;
			knownRegions = (
				en,
				Base,
			);
			mainGroup = A5B84162288C1E590073E415;
			productRefGroup = A5B8416C288C1E590073E415 /* Products */;
			projectDirPath = "";
			projectRoot = "";
			targets = (
				A5B8416A288C1E590073E415 /* ScratchCardSample */,
			);
		};
/* End PBXProject section */

/* Begin PBXResourcesBuildPhase section */
		A5B84169288C1E590073E415 /* Resources */ = {
			isa = PBXResourcesBuildPhase;
			buildActionMask = 2147483647;
			files = (
				A5B8417B288C1E590073E415 /* LaunchScreen.storyboard in Resources */,
				A5B84178288C1E590073E415 /* Assets.xcassets in Resources */,
				A5B84176288C1E590073E415 /* Main.storyboard in Resources */,
			);
			runOnlyForDeploymentPostprocessing = 0;
		};
/* End PBXResourcesBuildPhase section */

/* Begin PBXShellScriptBuildPhase section */
		3D7CCE539B80B91DABDC81DC /* [CP] Embed Pods Frameworks */ = {
			isa = PBXShellScriptBuildPhase;
			buildActionMask = 2147483647;
			files = (
			);
			inputFileListPaths = (
				"${PODS_ROOT}/Target Support Files/Pods-ScratchCardSample/Pods-ScratchCardSample-frameworks-${CONFIGURATION}-input-files.xcfilelist",
			);
			name = "[CP] Embed Pods Frameworks";
			outputFileListPaths = (
				"${PODS_ROOT}/Target Support Files/Pods-ScratchCardSample/Pods-ScratchCardSample-frameworks-${CONFIGURATION}-output-files.xcfilelist",
			);
			runOnlyForDeploymentPostprocessing = 0;
			shellPath = /bin/sh;
			shellScript = "\"${PODS_ROOT}/Target Support Files/Pods-ScratchCardSample/Pods-ScratchCardSample-frameworks.sh\"\n";
			showEnvVarsInLog = 0;
		};
		8D065A75C00AB04783EEEFFE /* [CP] Check Pods Manifest.lock */ = {
			isa = PBXShellScriptBuildPhase;
			buildActionMask = 2147483647;
			files = (
			);
			inputFileListPaths = (
			);
			inputPaths = (
				"${PODS_PODFILE_DIR_PATH}/Podfile.lock",
				"${PODS_ROOT}/Manifest.lock",
			);
			name = "[CP] Check Pods Manifest.lock";
			outputFileListPaths = (
			);
			outputPaths = (
				"$(DERIVED_FILE_DIR)/Pods-ScratchCardSample-checkManifestLockResult.txt",
			);
			runOnlyForDeploymentPostprocessing = 0;
			shellPath = /bin/sh;
			shellScript = "diff \"${PODS_PODFILE_DIR_PATH}/Podfile.lock\" \"${PODS_ROOT}/Manifest.lock\" > /dev/null\nif [ $? != 0 ] ; then\n    # print error to STDERR\n    echo \"error: The sandbox is not in sync with the Podfile.lock. Run 'pod install' or update your CocoaPods installation.\" >&2\n    exit 1\nfi\n# This output is used by Xcode 'outputs' to avoid re-running this script phase.\necho \"SUCCESS\" > \"${SCRIPT_OUTPUT_FILE_0}\"\n";
			showEnvVarsInLog = 0;
		};
/* End PBXShellScriptBuildPhase section */

/* Begin PBXSourcesBuildPhase section */
		A5B84167288C1E590073E415 /* Sources */ = {
			isa = PBXSourcesBuildPhase;
			buildActionMask = 2147483647;
			files = (
				A5B84173288C1E590073E415 /* ViewController.swift in Sources */,
				A5B8416F288C1E590073E415 /* AppDelegate.swift in Sources */,
				A5B84171288C1E590073E415 /* SceneDelegate.swift in Sources */,
				A5B84183288C1FEF0073E415 /* ScratchActionViewController.swift in Sources */,
			);
			runOnlyForDeploymentPostprocessing = 0;
		};
/* End PBXSourcesBuildPhase section */

/* Begin PBXVariantGroup section */
		A5B84174288C1E590073E415 /* Main.storyboard */ = {
			isa = PBXVariantGroup;
			children = (
				A5B84175288C1E590073E415 /* Base */,
			);
			name = Main.storyboard;
			sourceTree = "<group>";
		};
		A5B84179288C1E590073E415 /* LaunchScreen.storyboard */ = {
			isa = PBXVariantGroup;
			children = (
				A5B8417A288C1E590073E415 /* Base */,
			);
			name = LaunchScreen.storyboard;
			sourceTree = "<group>";
		};
/* End PBXVariantGroup section */

/* Begin XCBuildConfiguration section */
		A5B8417D288C1E590073E415 /* Debug */ = {
			isa = XCBuildConfiguration;
			buildSettings = {
				ALWAYS_SEARCH_USER_PATHS = NO;
				CLANG_ANALYZER_NONNULL = YES;
				CLANG_ANALYZER_NUMBER_OBJECT_CONVERSION = YES_AGGRESSIVE;
				CLANG_CXX_LANGUAGE_STANDARD = "gnu++17";
				CLANG_ENABLE_MODULES = YES;
				CLANG_ENABLE_OBJC_ARC = YES;
				CLANG_ENABLE_OBJC_WEAK = YES;
				CLANG_WARN_BLOCK_CAPTURE_AUTORELEASING = YES;
				CLANG_WARN_BOOL_CONVERSION = YES;
				CLANG_WARN_COMMA = YES;
				CLANG_WARN_CONSTANT_CONVERSION = YES;
				CLANG_WARN_DEPRECATED_OBJC_IMPLEMENTATIONS = YES;
				CLANG_WARN_DIRECT_OBJC_ISA_USAGE = YES_ERROR;
				CLANG_WARN_DOCUMENTATION_COMMENTS = YES;
				CLANG_WARN_EMPTY_BODY = YES;
				CLANG_WARN_ENUM_CONVERSION = YES;
				CLANG_WARN_INFINITE_RECURSION = YES;
				CLANG_WARN_INT_CONVERSION = YES;
				CLANG_WARN_NON_LITERAL_NULL_CONVERSION = YES;
				CLANG_WARN_OBJC_IMPLICIT_RETAIN_SELF = YES;
				CLANG_WARN_OBJC_LITERAL_CONVERSION = YES;
				CLANG_WARN_OBJC_ROOT_CLASS = YES_ERROR;
				CLANG_WARN_QUOTED_INCLUDE_IN_FRAMEWORK_HEADER = YES;
				CLANG_WARN_RANGE_LOOP_ANALYSIS = YES;
				CLANG_WARN_STRICT_PROTOTYPES = YES;
				CLANG_WARN_SUSPICIOUS_MOVE = YES;
				CLANG_WARN_UNGUARDED_AVAILABILITY = YES_AGGRESSIVE;
				CLANG_WARN_UNREACHABLE_CODE = YES;
				CLANG_WARN__DUPLICATE_METHOD_MATCH = YES;
				COPY_PHASE_STRIP = NO;
				DEBUG_INFORMATION_FORMAT = dwarf;
				ENABLE_STRICT_OBJC_MSGSEND = YES;
				ENABLE_TESTABILITY = YES;
				GCC_C_LANGUAGE_STANDARD = gnu11;
				GCC_DYNAMIC_NO_PIC = NO;
				GCC_NO_COMMON_BLOCKS = YES;
				GCC_OPTIMIZATION_LEVEL = 0;
				GCC_PREPROCESSOR_DEFINITIONS = (
					"DEBUG=1",
					"$(inherited)",
				);
				GCC_WARN_64_TO_32_BIT_CONVERSION = YES;
				GCC_WARN_ABOUT_RETURN_TYPE = YES_ERROR;
				GCC_WARN_UNDECLARED_SELECTOR = YES;
				GCC_WARN_UNINITIALIZED_AUTOS = YES_AGGRESSIVE;
				GCC_WARN_UNUSED_FUNCTION = YES;
				GCC_WARN_UNUSED_VARIABLE = YES;
				IPHONEOS_DEPLOYMENT_TARGET = 15.5;
				MTL_ENABLE_DEBUG_INFO = INCLUDE_SOURCE;
				MTL_FAST_MATH = YES;
				ONLY_ACTIVE_ARCH = YES;
				SDKROOT = iphoneos;
				SWIFT_ACTIVE_COMPILATION_CONDITIONS = DEBUG;
				SWIFT_OPTIMIZATION_LEVEL = "-Onone";
			};
			name = Debug;
		};
		A5B8417E288C1E590073E415 /* Release */ = {
			isa = XCBuildConfiguration;
			buildSettings = {
				ALWAYS_SEARCH_USER_PATHS = NO;
				CLANG_ANALYZER_NONNULL = YES;
				CLANG_ANALYZER_NUMBER_OBJECT_CONVERSION = YES_AGGRESSIVE;
				CLANG_CXX_LANGUAGE_STANDARD = "gnu++17";
				CLANG_ENABLE_MODULES = YES;
				CLANG_ENABLE_OBJC_ARC = YES;
				CLANG_ENABLE_OBJC_WEAK = YES;
				CLANG_WARN_BLOCK_CAPTURE_AUTORELEASING = YES;
				CLANG_WARN_BOOL_CONVERSION = YES;
				CLANG_WARN_COMMA = YES;
				CLANG_WARN_CONSTANT_CONVERSION = YES;
				CLANG_WARN_DEPRECATED_OBJC_IMPLEMENTATIONS = YES;
				CLANG_WARN_DIRECT_OBJC_ISA_USAGE = YES_ERROR;
				CLANG_WARN_DOCUMENTATION_COMMENTS = YES;
				CLANG_WARN_EMPTY_BODY = YES;
				CLANG_WARN_ENUM_CONVERSION = YES;
				CLANG_WARN_INFINITE_RECURSION = YES;
				CLANG_WARN_INT_CONVERSION = YES;
				CLANG_WARN_NON_LITERAL_NULL_CONVERSION = YES;
				CLANG_WARN_OBJC_IMPLICIT_RETAIN_SELF = YES;
				CLANG_WARN_OBJC_LITERAL_CONVERSION = YES;
				CLANG_WARN_OBJC_ROOT_CLASS = YES_ERROR;
				CLANG_WARN_QUOTED_INCLUDE_IN_FRAMEWORK_HEADER = YES;
				CLANG_WARN_RANGE_LOOP_ANALYSIS = YES;
				CLANG_WARN_STRICT_PROTOTYPES = YES;
				CLANG_WARN_SUSPICIOUS_MOVE = YES;
				CLANG_WARN_UNGUARDED_AVAILABILITY = YES_AGGRESSIVE;
				CLANG_WARN_UNREACHABLE_CODE = YES;
				CLANG_WARN__DUPLICATE_METHOD_MATCH = YES;
				COPY_PHASE_STRIP = NO;
				DEBUG_INFORMATION_FORMAT = "dwarf-with-dsym";
				ENABLE_NS_ASSERTIONS = NO;
				ENABLE_STRICT_OBJC_MSGSEND = YES;
				GCC_C_LANGUAGE_STANDARD = gnu11;
				GCC_NO_COMMON_BLOCKS = YES;
				GCC_WARN_64_TO_32_BIT_CONVERSION = YES;
				GCC_WARN_ABOUT_RETURN_TYPE = YES_ERROR;
				GCC_WARN_UNDECLARED_SELECTOR = YES;
				GCC_WARN_UNINITIALIZED_AUTOS = YES_AGGRESSIVE;
				GCC_WARN_UNUSED_FUNCTION = YES;
				GCC_WARN_UNUSED_VARIABLE = YES;
				IPHONEOS_DEPLOYMENT_TARGET = 15.5;
				MTL_ENABLE_DEBUG_INFO = NO;
				MTL_FAST_MATH = YES;
				SDKROOT = iphoneos;
				SWIFT_COMPILATION_MODE = wholemodule;
				SWIFT_OPTIMIZATION_LEVEL = "-O";
				VALIDATE_PRODUCT = YES;
			};
			name = Release;
		};
		A5B84180288C1E590073E415 /* Debug */ = {
			isa = XCBuildConfiguration;
			baseConfigurationReference = 5C6B1E9C8F48495143E85D31 /* Pods-ScratchCardSample.debug.xcconfig */;
			buildSettings = {
				ASSETCATALOG_COMPILER_APPICON_NAME = AppIcon;
				ASSETCATALOG_COMPILER_GLOBAL_ACCENT_COLOR_NAME = AccentColor;
				CODE_SIGN_STYLE = Automatic;
				CURRENT_PROJECT_VERSION = 1;
				DEVELOPMENT_TEAM = 5H3NCDS982;
				GENERATE_INFOPLIST_FILE = YES;
				INFOPLIST_FILE = ScratchCardSample/Info.plist;
				INFOPLIST_KEY_UIApplicationSupportsIndirectInputEvents = YES;
				INFOPLIST_KEY_UILaunchStoryboardName = LaunchScreen;
				INFOPLIST_KEY_UIMainStoryboardFile = Main;
				INFOPLIST_KEY_UISupportedInterfaceOrientations_iPad = "UIInterfaceOrientationPortrait UIInterfaceOrientationPortraitUpsideDown UIInterfaceOrientationLandscapeLeft UIInterfaceOrientationLandscapeRight";
				INFOPLIST_KEY_UISupportedInterfaceOrientations_iPhone = "UIInterfaceOrientationPortrait UIInterfaceOrientationLandscapeLeft UIInterfaceOrientationLandscapeRight";
				IPHONEOS_DEPLOYMENT_TARGET = 14.0;
				LD_RUNPATH_SEARCH_PATHS = (
					"$(inherited)",
					"@executable_path/Frameworks",
				);
				MARKETING_VERSION = 1.0;
				PRODUCT_BUNDLE_IDENTIFIER = com.ashi.com.ScratchCardSample;
				PRODUCT_NAME = "$(TARGET_NAME)";
				SWIFT_EMIT_LOC_STRINGS = YES;
				SWIFT_VERSION = 5.0;
				TARGETED_DEVICE_FAMILY = "1,2";
			};
			name = Debug;
		};
		A5B84181288C1E590073E415 /* Release */ = {
			isa = XCBuildConfiguration;
			baseConfigurationReference = 06D4B228841D9EC1B0B7F844 /* Pods-ScratchCardSample.release.xcconfig */;
			buildSettings = {
				ASSETCATALOG_COMPILER_APPICON_NAME = AppIcon;
				ASSETCATALOG_COMPILER_GLOBAL_ACCENT_COLOR_NAME = AccentColor;
				CODE_SIGN_STYLE = Automatic;
				CURRENT_PROJECT_VERSION = 1;
				DEVELOPMENT_TEAM = 5H3NCDS982;
				GENERATE_INFOPLIST_FILE = YES;
				INFOPLIST_FILE = ScratchCardSample/Info.plist;
				INFOPLIST_KEY_UIApplicationSupportsIndirectInputEvents = YES;
				INFOPLIST_KEY_UILaunchStoryboardName = LaunchScreen;
				INFOPLIST_KEY_UIMainStoryboardFile = Main;
				INFOPLIST_KEY_UISupportedInterfaceOrientations_iPad = "UIInterfaceOrientationPortrait UIInterfaceOrientationPortraitUpsideDown UIInterfaceOrientationLandscapeLeft UIInterfaceOrientationLandscapeRight";
				INFOPLIST_KEY_UISupportedInterfaceOrientations_iPhone = "UIInterfaceOrientationPortrait UIInterfaceOrientationLandscapeLeft UIInterfaceOrientationLandscapeRight";
				IPHONEOS_DEPLOYMENT_TARGET = 14.0;
				LD_RUNPATH_SEARCH_PATHS = (
					"$(inherited)",
					"@executable_path/Frameworks",
				);
				MARKETING_VERSION = 1.0;
				PRODUCT_BUNDLE_IDENTIFIER = com.ashi.com.ScratchCardSample;
				PRODUCT_NAME = "$(TARGET_NAME)";
				SWIFT_EMIT_LOC_STRINGS = YES;
				SWIFT_VERSION = 5.0;
				TARGETED_DEVICE_FAMILY = "1,2";
			};
			name = Release;
		};
/* End XCBuildConfiguration section */

/* Begin XCConfigurationList section */
		A5B84166288C1E590073E415 /* Build configuration list for PBXProject "ScratchCardSample" */ = {
			isa = XCConfigurationList;
			buildConfigurations = (
				A5B8417D288C1E590073E415 /* Debug */,
				A5B8417E288C1E590073E415 /* Release */,
			);
			defaultConfigurationIsVisible = 0;
			defaultConfigurationName = Release;
		};
		A5B8417F288C1E590073E415 /* Build configuration list for PBXNativeTarget "ScratchCardSample" */ = {
			isa = XCConfigurationList;
			buildConfigurations = (
				A5B84180288C1E590073E415 /* Debug */,
				A5B84181288C1E590073E415 /* Release */,
			);
			defaultConfigurationIsVisible = 0;
			defaultConfigurationName = Release;
		};
/* End XCConfigurationList section */
	};
	rootObject = A5B84163288C1E590073E415 /* Project object */;
}
